
Microsoft Visual Studio Solution File, Format Version 12.00
# Visual Studio Version 17
VisualStudioVersion = 17.2.32630.192
MinimumVisualStudioVersion = 10.0.40219.1
Project("{9A19103F-16F7-4668-BE54-9A1E7A4F7556}") = "RecipesApp.Domain", "RecipesApp.Domain\RecipesApp.Domain.csproj", "{D338846F-37B9-4022-BFF9-CDE88C0926BB}"
EndProject
Project("{9A19103F-16F7-4668-BE54-9A1E7A4F7556}") = "RecipesApp.Console", "RecipesApp.Console\RecipesApp.Console.csproj", "{0E79404D-FEB6-45C3-A917-DB1C186E2709}"
EndProject
Project("{9A19103F-16F7-4668-BE54-9A1E7A4F7556}") = "RecipesApp.Application", "RecipesApp.Application\RecipesApp.Application.csproj", "{C15225D7-E099-4D60-A5FA-1A7B9A245EE3}"
EndProject
Project("{9A19103F-16F7-4668-BE54-9A1E7A4F7556}") = "RecipesApp.Infrastructure", "RecipesApp.Infrastructure\RecipesApp.Infrastructure.csproj", "{3D526E06-1ABC-4F53-BFDC-B63008F2A258}"
EndProject
Project("{9A19103F-16F7-4668-BE54-9A1E7A4F7556}") = "RecipesApp.Assignments", "RecipesApp.Assignments\RecipesApp.Assignments.csproj", "{B15E2BD8-3DFC-43BA-B9EE-7BBFF62EA4B6}"
EndProject
Project("{9A19103F-16F7-4668-BE54-9A1E7A4F7556}") = "RecipesApp.Presentation", "RecipesApp.Presentation\RecipesApp.Presentation.csproj", "{AF687A4B-51C9-4814-B8AE-395A6F2BABF7}"
EndProject
Global
	GlobalSection(SolutionConfigurationPlatforms) = preSolution
		Debug|Any CPU = Debug|Any CPU
		Release|Any CPU = Release|Any CPU
	EndGlobalSection
	GlobalSection(ProjectConfigurationPlatforms) = postSolution
		{D338846F-37B9-4022-BFF9-CDE88C0926BB}.Debug|Any CPU.ActiveCfg = Debug|Any CPU
		{D338846F-37B9-4022-BFF9-CDE88C0926BB}.Debug|Any CPU.Build.0 = Debug|Any CPU
		{D338846F-37B9-4022-BFF9-CDE88C0926BB}.Release|Any CPU.ActiveCfg = Release|Any CPU
		{D338846F-37B9-4022-BFF9-CDE88C0926BB}.Release|Any CPU.Build.0 = Release|Any CPU
		{0E79404D-FEB6-45C3-A917-DB1C186E2709}.Debug|Any CPU.ActiveCfg = Debug|Any CPU
		{0E79404D-FEB6-45C3-A917-DB1C186E2709}.Debug|Any CPU.Build.0 = Debug|Any CPU
		{0E79404D-FEB6-45C3-A917-DB1C186E2709}.Release|Any CPU.ActiveCfg = Release|Any CPU
		{0E79404D-FEB6-45C3-A917-DB1C186E2709}.Release|Any CPU.Build.0 = Release|Any CPU
		{C15225D7-E099-4D60-A5FA-1A7B9A245EE3}.Debug|Any CPU.ActiveCfg = Debug|Any CPU
		{C15225D7-E099-4D60-A5FA-1A7B9A245EE3}.Debug|Any CPU.Build.0 = Debug|Any CPU
		{C15225D7-E099-4D60-A5FA-1A7B9A245EE3}.Release|Any CPU.ActiveCfg = Release|Any CPU
		{C15225D7-E099-4D60-A5FA-1A7B9A245EE3}.Release|Any CPU.Build.0 = Release|Any CPU
		{3D526E06-1ABC-4F53-BFDC-B63008F2A258}.Debug|Any CPU.ActiveCfg = Debug|Any CPU
		{3D526E06-1ABC-4F53-BFDC-B63008F2A258}.Debug|Any CPU.Build.0 = Debug|Any CPU
		{3D526E06-1ABC-4F53-BFDC-B63008F2A258}.Release|Any CPU.ActiveCfg = Release|Any CPU
		{3D526E06-1ABC-4F53-BFDC-B63008F2A258}.Release|Any CPU.Build.0 = Release|Any CPU
		{B15E2BD8-3DFC-43BA-B9EE-7BBFF62EA4B6}.Debug|Any CPU.ActiveCfg = Debug|Any CPU
		{B15E2BD8-3DFC-43BA-B9EE-7BBFF62EA4B6}.Debug|Any CPU.Build.0 = Debug|Any CPU
		{B15E2BD8-3DFC-43BA-B9EE-7BBFF62EA4B6}.Release|Any CPU.ActiveCfg = Release|Any CPU
		{B15E2BD8-3DFC-43BA-B9EE-7BBFF62EA4B6}.Release|Any CPU.Build.0 = Release|Any CPU
		{AF687A4B-51C9-4814-B8AE-395A6F2BABF7}.Debug|Any CPU.ActiveCfg = Debug|Any CPU
		{AF687A4B-51C9-4814-B8AE-395A6F2BABF7}.Debug|Any CPU.Build.0 = Debug|Any CPU
		{AF687A4B-51C9-4814-B8AE-395A6F2BABF7}.Release|Any CPU.ActiveCfg = Release|Any CPU
		{AF687A4B-51C9-4814-B8AE-395A6F2BABF7}.Release|Any CPU.Build.0 = Release|Any CPU
	EndGlobalSection
	GlobalSection(SolutionProperties) = preSolution
		HideSolutionNode = FALSE
	EndGlobalSection
	GlobalSection(ExtensibilityGlobals) = postSolution
		SolutionGuid = {5C2E74DF-F8E3-495D-9663-81A7247A0ABA}
	EndGlobalSection
EndGlobal
